
Microsoft Visual Studio Solution File, Format Version 12.00
# Visual Studio 14
VisualStudioVersion = 14.0.24720.0
MinimumVisualStudioVersion = 10.0.40219.1
Project("{FAE04EC0-301F-11D3-BF4B-00C04F79EFBC}") = "Ch04_AssembliesAndNamespaces", "Ch04_AssembliesAndNamespaces\Ch04_AssembliesAndNamespaces.csproj", "{F0493757-0586-40D8-9916-207F532AE53F}"
EndProject
Project("{FAE04EC0-301F-11D3-BF4B-00C04F79EFBC}") = "Ch04_manipulatingText", "Ch04_manipulatingText\Ch04_manipulatingText.csproj", "{D4608316-5013-42A2-8618-E774A66E5D80}"
EndProject
Project("{FAE04EC0-301F-11D3-BF4B-00C04F79EFBC}") = "Ch04_RegularExpressions", "Ch04_RegularExpressions\Ch04_RegularExpressions.csproj", "{F0B95972-E781-4074-A0BD-5273490372B9}"
EndProject
Global
	GlobalSection(SolutionConfigurationPlatforms) = preSolution
		Debug|Any CPU = Debug|Any CPU
		Release|Any CPU = Release|Any CPU
	EndGlobalSection
	GlobalSection(ProjectConfigurationPlatforms) = postSolution
		{F0493757-0586-40D8-9916-207F532AE53F}.Debug|Any CPU.ActiveCfg = Debug|Any CPU
		{F0493757-0586-40D8-9916-207F532AE53F}.Debug|Any CPU.Build.0 = Debug|Any CPU
		{F0493757-0586-40D8-9916-207F532AE53F}.Release|Any CPU.ActiveCfg = Release|Any CPU
		{F0493757-0586-40D8-9916-207F532AE53F}.Release|Any CPU.Build.0 = Release|Any CPU
		{D4608316-5013-42A2-8618-E774A66E5D80}.Debug|Any CPU.ActiveCfg = Debug|Any CPU
		{D4608316-5013-42A2-8618-E774A66E5D80}.Debug|Any CPU.Build.0 = Debug|Any CPU
		{D4608316-5013-42A2-8618-E774A66E5D80}.Release|Any CPU.ActiveCfg = Release|Any CPU
		{D4608316-5013-42A2-8618-E774A66E5D80}.Release|Any CPU.Build.0 = Release|Any CPU
		{F0B95972-E781-4074-A0BD-5273490372B9}.Debug|Any CPU.ActiveCfg = Debug|Any CPU
		{F0B95972-E781-4074-A0BD-5273490372B9}.Debug|Any CPU.Build.0 = Debug|Any CPU
		{F0B95972-E781-4074-A0BD-5273490372B9}.Release|Any CPU.ActiveCfg = Release|Any CPU
		{F0B95972-E781-4074-A0BD-5273490372B9}.Release|Any CPU.Build.0 = Release|Any CPU
	EndGlobalSection
	GlobalSection(SolutionProperties) = preSolution
		HideSolutionNode = FALSE
	EndGlobalSection
EndGlobal
